{
    "_readme": [
        "This file locks the dependencies of your project to a known state",
        "Read more about it at https://getcomposer.org/doc/01-basic-usage.md#installing-dependencies",
        "This file is @generated automatically"
    ],
    "content-hash": "053253d02ca265dcaa97377fc0a5b06a",
    "packages": [
        {
            "name": "automattic/jetpack-autoloader",
            "version": "dev-master",
            "source": {
                "type": "git",
                "url": "https://github.com/Automattic/jetpack-autoloader.git",
                "reference": "802517b3ff3010de89141d9f7c4d56aec1d21527"
            },
            "dist": {
                "type": "zip",
                "url": "https://api.github.com/repos/Automattic/jetpack-autoloader/zipball/802517b3ff3010de89141d9f7c4d56aec1d21527",
                "reference": "802517b3ff3010de89141d9f7c4d56aec1d21527",
                "shasum": ""
            },
            "require": {
                "composer-plugin-api": "^1.1 || ^2.0"
            },
            "require-dev": {
                "phpunit/phpunit": "^5.7 || ^6.5 || ^7.5"
            },
            "type": "composer-plugin",
            "extra": {
                "class": "Automattic\\Jetpack\\Autoloader\\CustomAutoloaderPlugin"
            },
            "autoload": {
                "psr-4": {
                    "Automattic\\Jetpack\\Autoloader\\": "src"
                }
            },
            "notification-url": "https://packagist.org/downloads/",
            "license": [
                "GPL-2.0-or-later"
            ],
            "description": "Creates a custom autoloader for a plugin or theme.",
            "time": "2020-07-27T20:37:00+00:00"
        },
        {
            "name": "automattic/jetpack-config",
            "version": "dev-master",
            "source": {
                "type": "git",
                "url": "https://github.com/Automattic/jetpack-config.git",
                "reference": "a7ae4b6f32c964fb7ea0f715aa5ba272a1f06113"
            },
            "dist": {
                "type": "zip",
                "url": "https://api.github.com/repos/Automattic/jetpack-config/zipball/a7ae4b6f32c964fb7ea0f715aa5ba272a1f06113",
                "reference": "a7ae4b6f32c964fb7ea0f715aa5ba272a1f06113",
                "shasum": ""
            },
            "type": "library",
            "autoload": {
                "classmap": [
                    "src/"
                ]
            },
            "notification-url": "https://packagist.org/downloads/",
            "license": [
                "GPL-2.0-or-later"
            ],
            "description": "Jetpack configuration package that initializes other packages and configures Jetpack's functionality. Can be used as a base for all variants of Jetpack package usage.",
            "time": "2020-06-26T07:31:13+00:00"
        },
        {
            "name": "automattic/jetpack-connection",
            "version": "dev-master",
            "source": {
                "type": "git",
                "url": "https://github.com/Automattic/jetpack-connection.git",
                "reference": "3de5609253a47fa572303e2a1eecf34e7135f4ea"
            },
            "dist": {
                "type": "zip",
                "url": "https://api.github.com/repos/Automattic/jetpack-connection/zipball/3de5609253a47fa572303e2a1eecf34e7135f4ea",
                "reference": "3de5609253a47fa572303e2a1eecf34e7135f4ea",
                "shasum": ""
            },
            "require": {
                "automattic/jetpack-constants": "@dev",
                "automattic/jetpack-options": "@dev",
                "automattic/jetpack-roles": "@dev",
                "automattic/jetpack-status": "@dev"
            },
            "require-dev": {
                "automattic/wordbless": "@dev",
                "php-mock/php-mock": "^2.1",
                "phpunit/phpunit": "^5.7 || ^6.5 || ^7.5"
            },
            "type": "library",
            "autoload": {
                "files": [
                    "legacy/load-ixr.php"
                ],
                "classmap": [
                    "legacy",
                    "src/"
                ]
            },
            "notification-url": "https://packagist.org/downloads/",
            "license": [
                "GPL-2.0-or-later"
            ],
            "description": "Everything needed to connect to the Jetpack infrastructure",
            "time": "2020-07-28T08:21:43+00:00"
        },
        {
            "name": "automattic/jetpack-constants",
            "version": "dev-master",
            "source": {
                "type": "git",
                "url": "https://github.com/Automattic/jetpack-constants.git",
                "reference": "b4210d56948529b43785ce31e0055f435eac1f9f"
            },
            "dist": {
                "type": "zip",
                "url": "https://api.github.com/repos/Automattic/jetpack-constants/zipball/b4210d56948529b43785ce31e0055f435eac1f9f",
                "reference": "b4210d56948529b43785ce31e0055f435eac1f9f",
                "shasum": ""
            },
            "require-dev": {
                "php-mock/php-mock": "^2.1",
                "phpunit/phpunit": "^5.7 || ^6.5 || ^7.5"
            },
            "type": "library",
            "autoload": {
                "classmap": [
                    "src/"
                ]
            },
            "notification-url": "https://packagist.org/downloads/",
            "license": [
                "GPL-2.0-or-later"
            ],
            "description": "A wrapper for defining constants in a more testable way.",
            "time": "2020-07-01T15:55:35+00:00"
        },
        {
            "name": "automattic/jetpack-options",
            "version": "dev-master",
            "source": {
                "type": "git",
                "url": "https://github.com/Automattic/jetpack-options.git",
                "reference": "0611ecbab5f17c521afd65aebba7a795dc89c789"
            },
            "dist": {
                "type": "zip",
                "url": "https://api.github.com/repos/Automattic/jetpack-options/zipball/0611ecbab5f17c521afd65aebba7a795dc89c789",
                "reference": "0611ecbab5f17c521afd65aebba7a795dc89c789",
                "shasum": ""
            },
            "require": {
                "automattic/jetpack-constants": "@dev"
            },
            "require-dev": {
                "10up/wp_mock": "0.4.2",
                "phpunit/phpunit": "7.*.*"
            },
            "type": "library",
            "autoload": {
                "classmap": [
                    "legacy"
                ]
            },
            "notification-url": "https://packagist.org/downloads/",
            "license": [
                "GPL-2.0-or-later"
            ],
            "description": "A wrapper for wp-options to manage specific Jetpack options.",
            "time": "2020-07-27T12:19:31+00:00"
        },
        {
            "name": "automattic/jetpack-roles",
            "version": "dev-master",
            "source": {
                "type": "git",
                "url": "https://github.com/Automattic/jetpack-roles.git",
                "reference": "0148108451db7ee5bfb68669671fc50ddb6d1474"
            },
            "dist": {
                "type": "zip",
                "url": "https://api.github.com/repos/Automattic/jetpack-roles/zipball/0148108451db7ee5bfb68669671fc50ddb6d1474",
                "reference": "0148108451db7ee5bfb68669671fc50ddb6d1474",
                "shasum": ""
            },
            "require-dev": {
                "php-mock/php-mock": "^2.1",
                "phpunit/phpunit": "^5.7 || ^6.5 || ^7.5"
            },
            "type": "library",
            "autoload": {
                "classmap": [
                    "src/"
                ]
            },
            "notification-url": "https://packagist.org/downloads/",
            "license": [
                "GPL-2.0-or-later"
            ],
            "description": "Utilities, related with user roles and capabilities.",
            "time": "2020-07-01T15:55:45+00:00"
        },
        {
            "name": "automattic/jetpack-status",
            "version": "dev-master",
            "source": {
                "type": "git",
                "url": "https://github.com/Automattic/jetpack-status.git",
                "reference": "09bd04d677832f348d3b9d520eecd856c2f0cafb"
            },
            "dist": {
                "type": "zip",
                "url": "https://api.github.com/repos/Automattic/jetpack-status/zipball/09bd04d677832f348d3b9d520eecd856c2f0cafb",
                "reference": "09bd04d677832f348d3b9d520eecd856c2f0cafb",
                "shasum": ""
            },
            "require-dev": {
                "brain/monkey": "2.4.0",
                "php-mock/php-mock": "^2.1",
                "phpunit/phpunit": "^5.7 || ^6.5 || ^7.5"
            },
            "type": "library",
            "autoload": {
                "classmap": [
                    "src/"
                ]
            },
            "notification-url": "https://packagist.org/downloads/",
            "license": [
                "GPL-2.0-or-later"
            ],
            "description": "Used to retrieve information about the current status of Jetpack and the site overall.",
            "time": "2020-07-28T08:21:54+00:00"
        },
        {
            "name": "automattic/jetpack-terms-of-service",
            "version": "dev-master",
            "source": {
                "type": "git",
                "url": "https://github.com/Automattic/jetpack-terms-of-service.git",
                "reference": "c05298195c51388becbdc6dbf7a6f7b1e862cb19"
            },
            "dist": {
                "type": "zip",
                "url": "https://api.github.com/repos/Automattic/jetpack-terms-of-service/zipball/c05298195c51388becbdc6dbf7a6f7b1e862cb19",
                "reference": "c05298195c51388becbdc6dbf7a6f7b1e862cb19",
                "shasum": ""
            },
            "require": {
                "automattic/jetpack-connection": "@dev",
                "automattic/jetpack-options": "@dev",
                "automattic/jetpack-status": "@dev"
            },
            "require-dev": {
                "php-mock/php-mock": "^2.1",
                "phpunit/phpunit": "^5.7 || ^6.5 || ^7.5"
            },
            "type": "library",
            "autoload": {
                "classmap": [
                    "src/"
                ]
            },
            "notification-url": "https://packagist.org/downloads/",
            "license": [
                "GPL-2.0-or-later"
            ],
            "description": "Everything need to manage the terms of service state",
            "time": "2020-07-28T08:22:02+00:00"
        },
        {
            "name": "automattic/jetpack-tracking",
            "version": "dev-master",
            "source": {
                "type": "git",
                "url": "https://github.com/Automattic/jetpack-tracking.git",
                "reference": "09b036ee55d53f4d5acfa159f62ba2302e5aec7d"
            },
            "dist": {
                "type": "zip",
                "url": "https://api.github.com/repos/Automattic/jetpack-tracking/zipball/09b036ee55d53f4d5acfa159f62ba2302e5aec7d",
                "reference": "09b036ee55d53f4d5acfa159f62ba2302e5aec7d",
                "shasum": ""
            },
            "require": {
                "automattic/jetpack-options": "@dev",
                "automattic/jetpack-terms-of-service": "@dev"
            },
            "require-dev": {
                "php-mock/php-mock": "^2.1",
                "phpunit/phpunit": "^5.7 || ^6.5 || ^7.5"
            },
            "type": "library",
            "autoload": {
                "classmap": [
                    "legacy",
                    "src/"
                ]
            },
            "notification-url": "https://packagist.org/downloads/",
            "license": [
                "GPL-2.0-or-later"
            ],
            "description": "Tracking for Jetpack",
            "time": "2020-06-10T21:50:00+00:00"
        }
    ],
    "packages-dev": [],
    "aliases": [],
    "minimum-stability": "dev",
    "stability-flags": {
        "automattic/jetpack-autoloader": 20,
        "automattic/jetpack-connection": 20,
        "automattic/jetpack-tracking": 20,
        "automattic/jetpack-config": 20
    },
    "prefer-stable": false,
    "prefer-lowest": false,
    "platform": [],
    "platform-dev": [],
    "plugin-api-version": "1.1.0"
}
