{
    "_readme": [
        "This file locks the dependencies of your project to a known state",
        "Read more about it at https://getcomposer.org/doc/01-basic-usage.md#installing-dependencies",
        "This file is @generated automatically"
    ],
    "content-hash": "ddb84cae824fe49abb232183096dde4c",
    "packages": [
        {
            "name": "automattic/jetpack-a8c-mc-stats",
            "version": "dev-update/connection-package-xmlrpc-independence",
            "dist": {
                "type": "path",
                "url": "../../packages/a8c-mc-stats",
                "reference": "1199ca03848cc9bd7b7d3a73c6df36c61ebd32bc"
            },
            "require-dev": {
                "yoast/phpunit-polyfills": "0.2.0"
            },
            "type": "library",
            "extra": {
                "mirror-repo": "Automattic/jetpack-a8c-mc-stats"
            },
            "autoload": {
                "classmap": [
                    "src/"
                ]
            },
            "scripts": {
                "phpunit": [
                    "@composer install",
                    "./vendor/phpunit/phpunit/phpunit --colors=always"
                ],
                "test-coverage": [
                    "@composer install",
                    "phpdbg -d memory_limit=2048M -d max_execution_time=900 -qrr ./vendor/bin/phpunit --coverage-clover \"$COVERAGE_DIR/clover.xml\""
                ],
                "test-php": [
                    "@composer phpunit"
                ]
            },
            "license": [
                "GPL-2.0-or-later"
            ],
            "description": "Used to record internal usage stats for Automattic. Not visible to site owners.",
            "transport-options": {
                "monorepo": true,
                "relative": true
            }
        },
        {
            "name": "automattic/jetpack-assets",
            "version": "dev-update/connection-package-xmlrpc-independence",
            "dist": {
                "type": "path",
                "url": "../../packages/assets",
                "reference": "88f96938e74784dfcdf1b5f5d7ced802c4a428e2"
            },
            "require": {
                "automattic/jetpack-constants": "@dev"
            },
            "require-dev": {
                "brain/monkey": "2.6.0",
                "yoast/phpunit-polyfills": "0.2.0"
            },
            "type": "library",
            "extra": {
                "mirror-repo": "Automattic/jetpack-assets"
            },
            "autoload": {
                "classmap": [
                    "src/"
                ]
            },
            "scripts": {
                "phpunit": [
                    "@composer install",
                    "./vendor/phpunit/phpunit/phpunit --colors=always"
                ],
                "test-coverage": [
                    "@composer install",
                    "phpdbg -d memory_limit=2048M -d max_execution_time=900 -qrr ./vendor/bin/phpunit --coverage-clover \"$COVERAGE_DIR/clover.xml\""
                ],
                "test-php": [
                    "@composer phpunit"
                ]
            },
            "license": [
                "GPL-2.0-or-later"
            ],
            "description": "Asset management utilities for Jetpack ecosystem packages",
            "transport-options": {
                "monorepo": true,
                "relative": true
            }
        },
        {
            "name": "automattic/jetpack-autoloader",
            "version": "dev-update/connection-package-xmlrpc-independence",
            "dist": {
                "type": "path",
                "url": "../../packages/autoloader",
                "reference": "52160fc4871059376c012c545e528bae9c45ec21"
            },
            "require": {
                "composer-plugin-api": "^1.1 || ^2.0"
            },
            "require-dev": {
                "yoast/phpunit-polyfills": "0.2.0"
            },
            "type": "composer-plugin",
            "extra": {
                "class": "Automattic\\Jetpack\\Autoloader\\CustomAutoloaderPlugin",
                "mirror-repo": "Automattic/jetpack-autoloader"
            },
            "autoload": {
                "classmap": [
                    "src/AutoloadGenerator.php"
                ],
                "psr-4": {
                    "Automattic\\Jetpack\\Autoloader\\": "src"
                }
            },
            "scripts": {
                "phpunit": [
                    "@composer install",
                    "./vendor/phpunit/phpunit/phpunit --colors=always"
                ],
                "test-coverage": [
                    "@composer install",
                    "phpdbg -d memory_limit=2048M -d max_execution_time=900 -qrr ./vendor/bin/phpunit --coverage-clover \"$COVERAGE_DIR/clover.xml\""
                ],
                "test-php": [
                    "@composer phpunit"
                ]
            },
            "license": [
                "GPL-2.0-or-later"
            ],
            "description": "Creates a custom autoloader for a plugin or theme.",
            "transport-options": {
                "monorepo": true,
                "relative": true
            }
        },
        {
            "name": "automattic/jetpack-config",
            "version": "dev-update/connection-package-xmlrpc-independence",
            "dist": {
                "type": "path",
                "url": "../../packages/config",
                "reference": "8ad7b4207482fb5e67078bbb996849106815f737"
            },
            "type": "library",
            "extra": {
                "mirror-repo": "Automattic/jetpack-config"
            },
            "autoload": {
                "classmap": [
                    "src/"
                ]
            },
            "license": [
                "GPL-2.0-or-later"
            ],
            "description": "Jetpack configuration package that initializes other packages and configures Jetpack's functionality. Can be used as a base for all variants of Jetpack package usage.",
            "transport-options": {
                "monorepo": true,
                "relative": true
            }
        },
        {
            "name": "automattic/jetpack-connection",
            "version": "dev-update/connection-package-xmlrpc-independence",
            "dist": {
                "type": "path",
                "url": "../../packages/connection",
                "reference": "8253432d4cc1822d032f0610f693c005a7a4744e"
            },
            "require": {
                "automattic/jetpack-constants": "@dev",
                "automattic/jetpack-heartbeat": "@dev",
                "automattic/jetpack-options": "@dev",
                "automattic/jetpack-roles": "@dev",
                "automattic/jetpack-status": "@dev",
                "automattic/jetpack-tracking": "@dev"
            },
            "require-dev": {
                "automattic/wordbless": "@dev",
                "brain/monkey": "^2.6",
                "yoast/phpunit-polyfills": "0.2.0"
            },
            "type": "library",
            "extra": {
                "mirror-repo": "Automattic/jetpack-connection"
            },
            "autoload": {
                "files": [
                    "legacy/load-ixr.php"
                ],
                "classmap": [
                    "legacy",
                    "src/"
                ]
            },
            "scripts": {
                "phpunit": [
                    "@composer install",
                    "./vendor/phpunit/phpunit/phpunit --colors=always"
                ],
                "post-update-cmd": [
                    "php -r \"copy('vendor/automattic/wordbless/src/dbless-wpdb.php', 'wordpress/wp-content/db.php');\""
                ],
                "test-coverage": [
                    "@composer install",
                    "phpdbg -d memory_limit=2048M -d max_execution_time=900 -qrr ./vendor/bin/phpunit --coverage-clover \"$COVERAGE_DIR/clover.xml\""
                ],
                "test-php": [
                    "@composer phpunit"
                ]
            },
            "license": [
                "GPL-2.0-or-later"
            ],
            "description": "Everything needed to connect to the Jetpack infrastructure",
            "transport-options": {
                "monorepo": true,
                "relative": true
            }
        },
        {
            "name": "automattic/jetpack-constants",
            "version": "dev-update/connection-package-xmlrpc-independence",
            "dist": {
                "type": "path",
                "url": "../../packages/constants",
                "reference": "29481a6784d8524de54011d49f5262f437115865"
            },
            "require-dev": {
                "brain/monkey": "2.6.0",
                "yoast/phpunit-polyfills": "0.2.0"
            },
            "type": "library",
            "extra": {
                "mirror-repo": "Automattic/jetpack-constants"
            },
            "autoload": {
                "classmap": [
                    "src/"
                ]
            },
            "scripts": {
                "phpunit": [
                    "@composer install",
                    "./vendor/phpunit/phpunit/phpunit --colors=always"
                ],
                "test-coverage": [
                    "@composer install",
                    "phpdbg -d memory_limit=2048M -d max_execution_time=900 -qrr ./vendor/bin/phpunit --coverage-clover \"$COVERAGE_DIR/clover.xml\""
                ],
                "test-php": [
                    "@composer phpunit"
                ]
            },
            "license": [
                "GPL-2.0-or-later"
            ],
            "description": "A wrapper for defining constants in a more testable way.",
            "transport-options": {
                "monorepo": true,
                "relative": true
            }
        },
        {
            "name": "automattic/jetpack-heartbeat",
            "version": "dev-update/connection-package-xmlrpc-independence",
            "dist": {
                "type": "path",
                "url": "../../packages/heartbeat",
                "reference": "4e9b456637a8d09e39fccb3580049147ace84e40"
            },
            "require": {
                "automattic/jetpack-a8c-mc-stats": "@dev",
                "automattic/jetpack-options": "@dev"
            },
            "type": "library",
            "extra": {
                "mirror-repo": "Automattic/jetpack-heartbeat"
            },
            "autoload": {
                "classmap": [
                    "src/"
                ]
            },
            "license": [
                "GPL-2.0-or-later"
            ],
            "description": "This adds a cronjob that sends a batch of internal automattic stats to wp.com once a day",
            "transport-options": {
                "monorepo": true,
                "relative": true
            }
        },
        {
            "name": "automattic/jetpack-options",
            "version": "dev-update/connection-package-xmlrpc-independence",
            "dist": {
                "type": "path",
                "url": "../../packages/options",
                "reference": "c8be933ad221139ef1fc676a0b45c706fe8b7a24"
            },
            "require": {
                "automattic/jetpack-constants": "@dev"
            },
            "require-dev": {
                "yoast/phpunit-polyfills": "0.2.0"
            },
            "type": "library",
            "extra": {
                "mirror-repo": "Automattic/jetpack-options"
            },
            "autoload": {
                "classmap": [
                    "legacy"
                ]
            },
            "license": [
                "GPL-2.0-or-later"
            ],
            "description": "A wrapper for wp-options to manage specific Jetpack options.",
            "transport-options": {
                "monorepo": true,
                "relative": true
            }
        },
        {
            "name": "automattic/jetpack-roles",
            "version": "dev-update/connection-package-xmlrpc-independence",
            "dist": {
                "type": "path",
                "url": "../../packages/roles",
                "reference": "e572a41d4736d84a5d94c20b0f6db5cdabeaf84a"
            },
            "require-dev": {
                "brain/monkey": "2.6.0",
                "yoast/phpunit-polyfills": "0.2.0"
            },
            "type": "library",
            "extra": {
                "mirror-repo": "Automattic/jetpack-roles"
            },
            "autoload": {
                "classmap": [
                    "src/"
                ]
            },
            "scripts": {
                "phpunit": [
                    "@composer install",
                    "./vendor/phpunit/phpunit/phpunit --colors=always"
                ],
                "test-coverage": [
                    "@composer install",
                    "phpdbg -d memory_limit=2048M -d max_execution_time=900 -qrr ./vendor/bin/phpunit --coverage-clover \"$COVERAGE_DIR/clover.xml\""
                ],
                "test-php": [
                    "@composer phpunit"
                ]
            },
            "license": [
                "GPL-2.0-or-later"
            ],
            "description": "Utilities, related with user roles and capabilities.",
            "transport-options": {
                "monorepo": true,
                "relative": true
            }
        },
        {
            "name": "automattic/jetpack-status",
            "version": "dev-update/connection-package-xmlrpc-independence",
            "dist": {
                "type": "path",
                "url": "../../packages/status",
                "reference": "3a743cf7a1ff26fe071c19c6af7a9a9afda80c71"
            },
            "require-dev": {
                "brain/monkey": "2.6.0",
                "yoast/phpunit-polyfills": "0.2.0"
            },
            "type": "library",
            "extra": {
                "mirror-repo": "Automattic/jetpack-status"
            },
            "autoload": {
                "classmap": [
                    "src/"
                ]
            },
            "scripts": {
                "phpunit": [
                    "@composer install",
                    "./vendor/phpunit/phpunit/phpunit --colors=always"
                ],
                "test-coverage": [
                    "@composer install",
                    "phpdbg -d memory_limit=2048M -d max_execution_time=900 -qrr ./vendor/bin/phpunit --coverage-clover \"$COVERAGE_DIR/clover.xml\""
                ],
                "test-php": [
                    "@composer phpunit"
                ]
            },
            "license": [
                "GPL-2.0-or-later"
            ],
            "description": "Used to retrieve information about the current status of Jetpack and the site overall.",
            "transport-options": {
                "monorepo": true,
                "relative": true
            }
        },
        {
            "name": "automattic/jetpack-terms-of-service",
            "version": "dev-update/connection-package-xmlrpc-independence",
            "dist": {
                "type": "path",
                "url": "../../packages/terms-of-service",
                "reference": "e57105c65486473fcf188c97235cbb09359791fc"
            },
            "require": {
                "automattic/jetpack-options": "@dev",
                "automattic/jetpack-status": "@dev"
            },
            "require-dev": {
                "brain/monkey": "2.6.0",
                "yoast/phpunit-polyfills": "0.2.0"
            },
            "type": "library",
            "extra": {
                "mirror-repo": "Automattic/jetpack-terms-of-service"
            },
            "autoload": {
                "classmap": [
                    "src/"
                ]
            },
            "scripts": {
                "phpunit": [
                    "@composer install",
                    "./vendor/phpunit/phpunit/phpunit --colors=always"
                ],
                "test-coverage": [
                    "@composer install",
                    "phpdbg -d memory_limit=2048M -d max_execution_time=900 -qrr ./vendor/bin/phpunit --coverage-clover \"$COVERAGE_DIR/clover.xml\""
                ],
                "test-php": [
                    "@composer phpunit"
                ]
            },
            "license": [
                "GPL-2.0-or-later"
            ],
            "description": "Everything need to manage the terms of service state",
            "transport-options": {
                "monorepo": true,
                "relative": true
            }
        },
        {
            "name": "automattic/jetpack-tracking",
            "version": "dev-update/connection-package-xmlrpc-independence",
            "dist": {
                "type": "path",
                "url": "../../packages/tracking",
                "reference": "44a7ddfaa31f2dd4cf051bf60b783096555d7de5"
            },
            "require": {
                "automattic/jetpack-assets": "@dev",
                "automattic/jetpack-options": "@dev",
                "automattic/jetpack-status": "@dev",
                "automattic/jetpack-terms-of-service": "@dev"
            },
            "require-dev": {
                "yoast/phpunit-polyfills": "0.2.0"
            },
            "type": "library",
            "extra": {
                "mirror-repo": "Automattic/jetpack-tracking"
            },
            "autoload": {
                "classmap": [
                    "legacy",
                    "src/"
                ]
            },
            "scripts": {
                "phpunit": [
                    "@composer install",
                    "./vendor/phpunit/phpunit/phpunit --colors=always"
                ],
                "test-coverage": [
                    "@composer install",
                    "phpdbg -d memory_limit=2048M -d max_execution_time=900 -qrr ./vendor/bin/phpunit --coverage-clover \"$COVERAGE_DIR/clover.xml\""
                ],
                "test-php": [
                    "@composer phpunit"
                ]
            },
            "license": [
                "GPL-2.0-or-later"
            ],
            "description": "Tracking for Jetpack",
            "transport-options": {
                "monorepo": true,
                "relative": true
            }
        }
    ],
    "packages-dev": [],
    "aliases": [],
    "minimum-stability": "dev",
    "stability-flags": {
        "automattic/jetpack-autoloader": 20,
        "automattic/jetpack-connection": 20,
        "automattic/jetpack-tracking": 20,
        "automattic/jetpack-config": 20
    },
    "prefer-stable": false,
    "prefer-lowest": false,
    "platform": [],
    "platform-dev": [],
    "plugin-api-version": "1.1.0"
}
